
Microsoft Visual Studio Solution File, Format Version 12.00
# Visual Studio Version 17
VisualStudioVersion = 17.14.36518.9 d17.14
MinimumVisualStudioVersion = 10.0.40219.1
Project("{FAE04EC0-301F-11D3-BF4B-00C04F79EFBC}") = "POLYMOPHISM", "POLYMOPHISM\POLYMOPHISM.csproj", "{5FA4A608-0678-4EA1-BEDD-81902F43B3DF}"
EndProject
Project("{FAE04EC0-301F-11D3-BF4B-00C04F79EFBC}") = "ABSTRACTION", "ABSTRACTION\ABSTRACTION.csproj", "{3D9E09E7-F7C7-4070-82E5-08300473A807}"
EndProject
Project("{FAE04EC0-301F-11D3-BF4B-00C04F79EFBC}") = "INHERITANCE", "INHERITANCE\INHERITANCE.csproj", "{BA0C9C58-FE90-467E-8894-6D518FE5B88B}"
EndProject
Project("{FAE04EC0-301F-11D3-BF4B-00C04F79EFBC}") = "ENCAPSULATION", "ENCAPSULATION\ENCAPSULATION.csproj", "{C6D9F6A4-6F64-4A55-863F-C22BC1A8D6D2}"
EndProject
Global
	GlobalSection(SolutionConfigurationPlatforms) = preSolution
		Debug|Any CPU = Debug|Any CPU
		Release|Any CPU = Release|Any CPU
	EndGlobalSection
	GlobalSection(ProjectConfigurationPlatforms) = postSolution
		{5FA4A608-0678-4EA1-BEDD-81902F43B3DF}.Debug|Any CPU.ActiveCfg = Debug|Any CPU
		{5FA4A608-0678-4EA1-BEDD-81902F43B3DF}.Debug|Any CPU.Build.0 = Debug|Any CPU
		{5FA4A608-0678-4EA1-BEDD-81902F43B3DF}.Release|Any CPU.ActiveCfg = Release|Any CPU
		{5FA4A608-0678-4EA1-BEDD-81902F43B3DF}.Release|Any CPU.Build.0 = Release|Any CPU
		{3D9E09E7-F7C7-4070-82E5-08300473A807}.Debug|Any CPU.ActiveCfg = Debug|Any CPU
		{3D9E09E7-F7C7-4070-82E5-08300473A807}.Debug|Any CPU.Build.0 = Debug|Any CPU
		{3D9E09E7-F7C7-4070-82E5-08300473A807}.Release|Any CPU.ActiveCfg = Release|Any CPU
		{3D9E09E7-F7C7-4070-82E5-08300473A807}.Release|Any CPU.Build.0 = Release|Any CPU
		{BA0C9C58-FE90-467E-8894-6D518FE5B88B}.Debug|Any CPU.ActiveCfg = Debug|Any CPU
		{BA0C9C58-FE90-467E-8894-6D518FE5B88B}.Debug|Any CPU.Build.0 = Debug|Any CPU
		{BA0C9C58-FE90-467E-8894-6D518FE5B88B}.Release|Any CPU.ActiveCfg = Release|Any CPU
		{BA0C9C58-FE90-467E-8894-6D518FE5B88B}.Release|Any CPU.Build.0 = Release|Any CPU
		{C6D9F6A4-6F64-4A55-863F-C22BC1A8D6D2}.Debug|Any CPU.ActiveCfg = Debug|Any CPU
		{C6D9F6A4-6F64-4A55-863F-C22BC1A8D6D2}.Debug|Any CPU.Build.0 = Debug|Any CPU
		{C6D9F6A4-6F64-4A55-863F-C22BC1A8D6D2}.Release|Any CPU.ActiveCfg = Release|Any CPU
		{C6D9F6A4-6F64-4A55-863F-C22BC1A8D6D2}.Release|Any CPU.Build.0 = Release|Any CPU
	EndGlobalSection
	GlobalSection(SolutionProperties) = preSolution
		HideSolutionNode = FALSE
	EndGlobalSection
	GlobalSection(ExtensibilityGlobals) = postSolution
		SolutionGuid = {0E8E4033-E739-4544-9C86-A6CE27BCC8E8}
	EndGlobalSection
EndGlobal
